{
  "name": "alurapic",
  "version": "1.0.0",
  "lockfileVersion": 1,
  "requires": true,
  "dependencies": {
    "@types/vue-resource": {
      "version": "1.3.6",
      "resolved": "https://registry.npmjs.org/@types/vue-resource/-/vue-resource-1.3.6.tgz",
      "integrity": "sha512-iM5kdnsCoCJheEi5DYBV7ohYJ1tc/IFCYCVfg+cTzd0uh9YU7u/E4OlWc9ULQI3gdlplYd8g6cGfRYOLGF5d3w==",
      "dev": true,
      "requires": {
        "vue-resource": "*"
      }
    },
    "vue-resource": {
      "version": "1.0.3",
      "resolved": "https://registry.npmjs.org/vue-resource/-/vue-resource-1.0.3.tgz",
      "integrity": "sha1-jVLQ2KntXyrnBMaNUwyEzq+XvhQ="
    }
  }
}
